// !$*UTF8*$!
{
	archiveVersion = 1;
	classes = {
	};
	objectVersion = 56;
	objects = {

/* Begin PBXBuildFile section */
		6E495BC72A674A5A0029638C /* MyTrainerApp.swift in Sources */ = {isa = PBXBuildFile; fileRef = 6E495BC62A674A5A0029638C /* MyTrainerApp.swift */; };
		6E495BC92A674A5A0029638C /* ContentView.swift in Sources */ = {isa = PBXBuildFile; fileRef = 6E495BC82A674A5A0029638C /* ContentView.swift */; };
		6E495BCB2A674A5E0029638C /* Assets.xcassets in Resources */ = {isa = PBXBuildFile; fileRef = 6E495BCA2A674A5E0029638C /* Assets.xcassets */; };
		6E495BCE2A674A5E0029638C /* Preview Assets.xcassets in Resources */ = {isa = PBXBuildFile; fileRef = 6E495BCD2A674A5E0029638C /* Preview Assets.xcassets */; };
		6E495BD82A674A5F0029638C /* MyTrainerTests.swift in Sources */ = {isa = PBXBuildFile; fileRef = 6E495BD72A674A5F0029638C /* MyTrainerTests.swift */; };
		6E495BE22A674A5F0029638C /* MyTrainerUITests.swift in Sources */ = {isa = PBXBuildFile; fileRef = 6E495BE12A674A5F0029638C /* MyTrainerUITests.swift */; };
		6E495BE42A674A5F0029638C /* MyTrainerUITestsLaunchTests.swift in Sources */ = {isa = PBXBuildFile; fileRef = 6E495BE32A674A5F0029638C /* MyTrainerUITestsLaunchTests.swift */; };
/* End PBXBuildFile section */

/* Begin PBXContainerItemProxy section */
		6E495BD42A674A5F0029638C /* PBXContainerItemProxy */ = {
			isa = PBXContainerItemProxy;
			containerPortal = 6E495BBB2A674A5A0029638C /* Project object */;
			proxyType = 1;
			remoteGlobalIDString = 6E495BC22A674A5A0029638C;
			remoteInfo = MyTrainer;
		};
		6E495BDE2A674A5F0029638C /* PBXContainerItemProxy */ = {
			isa = PBXContainerItemProxy;
			containerPortal = 6E495BBB2A674A5A0029638C /* Project object */;
			proxyType = 1;
			remoteGlobalIDString = 6E495BC22A674A5A0029638C;
			remoteInfo = MyTrainer;
		};
/* End PBXContainerItemProxy section */

/* Begin PBXFileReference section */
		6E495BC32A674A5A0029638C /* MyTrainer.app */ = {isa = PBXFileReference; explicitFileType = wrapper.application; includeInIndex = 0; path = MyTrainer.app; sourceTree = BUILT_PRODUCTS_DIR; };
		6E495BC62A674A5A0029638C /* MyTrainerApp.swift */ = {isa = PBXFileReference; lastKnownFileType = sourcecode.swift; path = MyTrainerApp.swift; sourceTree = "<group>"; };
		6E495BC82A674A5A0029638C /* ContentView.swift */ = {isa = PBXFileReference; lastKnownFileType = sourcecode.swift; path = ContentView.swift; sourceTree = "<group>"; };
		6E495BCA2A674A5E0029638C /* Assets.xcassets */ = {isa = PBXFileReference; lastKnownFileType = folder.assetcatalog; path = Assets.xcassets; sourceTree = "<group>"; };
		6E495BCD2A674A5E0029638C /* Preview Assets.xcassets */ = {isa = PBXFileReference; lastKnownFileType = folder.assetcatalog; path = "Preview Assets.xcassets"; sourceTree = "<group>"; };
		6E495BD32A674A5F0029638C /* MyTrainerTests.xctest */ = {isa = PBXFileReference; explicitFileType = wrapper.cfbundle; includeInIndex = 0; path = MyTrainerTests.xctest; sourceTree = BUILT_PRODUCTS_DIR; };
		6E495BD72A674A5F0029638C /* MyTrainerTests.swift */ = {isa = PBXFileReference; lastKnownFileType = sourcecode.swift; path = MyTrainerTests.swift; sourceTree = "<group>"; };
		6E495BDD2A674A5F0029638C /* MyTrainerUITests.xctest */ = {isa = PBXFileReference; explicitFileType = wrapper.cfbundle; includeInIndex = 0; path = MyTrainerUITests.xctest; sourceTree = BUILT_PRODUCTS_DIR; };
		6E495BE12A674A5F0029638C /* MyTrainerUITests.swift */ = {isa = PBXFileReference; lastKnownFileType = sourcecode.swift; path = MyTrainerUITests.swift; sourceTree = "<group>"; };
		6E495BE32A674A5F0029638C /* MyTrainerUITestsLaunchTests.swift */ = {isa = PBXFileReference; lastKnownFileType = sourcecode.swift; path = MyTrainerUITestsLaunchTests.swift; sourceTree = "<group>"; };
/* End PBXFileReference section */

/* Begin PBXFrameworksBuildPhase section */
		6E495BC02A674A5A0029638C /* Frameworks */ = {
			isa = PBXFrameworksBuildPhase;
			buildActionMask = 2147483647;
			files = (
			);
			runOnlyForDeploymentPostprocessing = 0;
		};
		6E495BD02A674A5F0029638C /* Frameworks */ = {
			isa = PBXFrameworksBuildPhase;
			buildActionMask = 2147483647;
			files = (
			);
			runOnlyForDeploymentPostprocessing = 0;
		};
		6E495BDA2A674A5F0029638C /* Frameworks */ = {
			isa = PBXFrameworksBuildPhase;
			buildActionMask = 2147483647;
			files = (
			);
			runOnlyForDeploymentPostprocessing = 0;
		};
/* End PBXFrameworksBuildPhase section */

/* Begin PBXGroup section */
		6E495BBA2A674A5A0029638C = {
			isa = PBXGroup;
			children = (
				6E495BC52A674A5A0029638C /* MyTrainer */,
				6E495BD62A674A5F0029638C /* MyTrainerTests */,
				6E495BE02A674A5F0029638C /* MyTrainerUITests */,
				6E495BC42A674A5A0029638C /* Products */,
			);
			sourceTree = "<group>";
		};
		6E495BC42A674A5A0029638C /* Products */ = {
			isa = PBXGroup;
			children = (
				6E495BC32A674A5A0029638C /* MyTrainer.app */,
				6E495BD32A674A5F0029638C /* MyTrainerTests.xctest */,
				6E495BDD2A674A5F0029638C /* MyTrainerUITests.xctest */,
			);
			name = Products;
			sourceTree = "<group>";
		};
		6E495BC52A674A5A0029638C /* MyTrainer */ = {
			isa = PBXGroup;
			children = (
				6E495BC62A674A5A0029638C /* MyTrainerApp.swift */,
				6E495BC82A674A5A0029638C /* ContentView.swift */,
				6E495BCA2A674A5E0029638C /* Assets.xcassets */,
				6E495BCC2A674A5E0029638C /* Preview Content */,
			);
			path = MyTrainer;
			sourceTree = "<group>";
		};
		6E495BCC2A674A5E0029638C /* Preview Content */ = {
			isa = PBXGroup;
			children = (
				6E495BCD2A674A5E0029638C /* Preview Assets.xcassets */,
			);
			path = "Preview Content";
			sourceTree = "<group>";
		};
		6E495BD62A674A5F0029638C /* MyTrainerTests */ = {
			isa = PBXGroup;
			children = (
				6E495BD72A674A5F0029638C /* MyTrainerTests.swift */,
			);
			path = MyTrainerTests;
			sourceTree = "<group>";
		};
		6E495BE02A674A5F0029638C /* MyTrainerUITests */ = {
			isa = PBXGroup;
			children = (
				6E495BE12A674A5F0029638C /* MyTrainerUITests.swift */,
				6E495BE32A674A5F0029638C /* MyTrainerUITestsLaunchTests.swift */,
			);
			path = MyTrainerUITests;
			sourceTree = "<group>";
		};
/* End PBXGroup section */

/* Begin PBXNativeTarget section */
		6E495BC22A674A5A0029638C /* MyTrainer */ = {
			isa = PBXNativeTarget;
			buildConfigurationList = 6E495BE72A674A5F0029638C /* Build configuration list for PBXNativeTarget "MyTrainer" */;
			buildPhases = (
				6E495BBF2A674A5A0029638C /* Sources */,
				6E495BC02A674A5A0029638C /* Frameworks */,
				6E495BC12A674A5A0029638C /* Resources */,
			);
			buildRules = (
			);
			dependencies = (
			);
			name = MyTrainer;
			productName = MyTrainer;
			productReference = 6E495BC32A674A5A0029638C /* MyTrainer.app */;
			productType = "com.apple.product-type.application";
		};
		6E495BD22A674A5F0029638C /* MyTrainerTests */ = {
			isa = PBXNativeTarget;
			buildConfigurationList = 6E495BEA2A674A5F0029638C /* Build configuration list for PBXNativeTarget "MyTrainerTests" */;
			buildPhases = (
				6E495BCF2A674A5F0029638C /* Sources */,
				6E495BD02A674A5F0029638C /* Frameworks */,
				6E495BD12A674A5F0029638C /* Resources */,
			);
			buildRules = (
			);
			dependencies = (
				6E495BD52A674A5F0029638C /* PBXTargetDependency */,
			);
			name = MyTrainerTests;
			productName = MyTrainerTests;
			productReference = 6E495BD32A674A5F0029638C /* MyTrainerTests.xctest */;
			productType = "com.apple.product-type.bundle.unit-test";
		};
		6E495BDC2A674A5F0029638C /* MyTrainerUITests */ = {
			isa = PBXNativeTarget;
			buildConfigurationList = 6E495BED2A674A5F0029638C /* Build configuration list for PBXNativeTarget "MyTrainerUITests" */;
			buildPhases = (
				6E495BD92A674A5F0029638C /* Sources */,
				6E495BDA2A674A5F0029638C /* Frameworks */,
				6E495BDB2A674A5F0029638C /* Resources */,
			);
			buildRules = (
			);
			dependencies = (
				6E495BDF2A674A5F0029638C /* PBXTargetDependency */,
			);
			name = MyTrainerUITests;
			productName = MyTrainerUITests;
			productReference = 6E495BDD2A674A5F0029638C /* MyTrainerUITests.xctest */;
			productType = "com.apple.product-type.bundle.ui-testing";
		};
/* End PBXNativeTarget section */

/* Begin PBXProject section */
		6E495BBB2A674A5A0029638C /* Project object */ = {
			isa = PBXProject;
			attributes = {
				BuildIndependentTargetsInParallel = 1;
				LastSwiftUpdateCheck = 1430;
				LastUpgradeCheck = 1430;
				TargetAttributes = {
					6E495BC22A674A5A0029638C = {
						CreatedOnToolsVersion = 14.3.1;
					};
					6E495BD22A674A5F0029638C = {
						CreatedOnToolsVersion = 14.3.1;
						TestTargetID = 6E495BC22A674A5A0029638C;
					};
					6E495BDC2A674A5F0029638C = {
						CreatedOnToolsVersion = 14.3.1;
						TestTargetID = 6E495BC22A674A5A0029638C;
					};
				};
			};
			buildConfigurationList = 6E495BBE2A674A5A0029638C /* Build configuration list for PBXProject "MyTrainer" */;
			compatibilityVersion = "Xcode 14.0";
			developmentRegion = en;
			hasScannedForEncodings = 0;
			knownRegions = (
				en,
				Base,
			);
			mainGroup = 6E495BBA2A674A5A0029638C;
			productRefGroup = 6E495BC42A674A5A0029638C /* Products */;
			projectDirPath = "";
			projectRoot = "";
			targets = (
				6E495BC22A674A5A0029638C /* MyTrainer */,
				6E495BD22A674A5F0029638C /* MyTrainerTests */,
				6E495BDC2A674A5F0029638C /* MyTrainerUITests */,
			);
		};
/* End PBXProject section */

/* Begin PBXResourcesBuildPhase section */
		6E495BC12A674A5A0029638C /* Resources */ = {
			isa = PBXResourcesBuildPhase;
			buildActionMask = 2147483647;
			files = (
				6E495BCE2A674A5E0029638C /* Preview Assets.xcassets in Resources */,
				6E495BCB2A674A5E0029638C /* Assets.xcassets in Resources */,
			);
			runOnlyForDeploymentPostprocessing = 0;
		};
		6E495BD12A674A5F0029638C /* Resources */ = {
			isa = PBXResourcesBuildPhase;
			buildActionMask = 2147483647;
			files = (
			);
			runOnlyForDeploymentPostprocessing = 0;
		};
		6E495BDB2A674A5F0029638C /* Resources */ = {
			isa = PBXResourcesBuildPhase;
			buildActionMask = 2147483647;
			files = (
			);
			runOnlyForDeploymentPostprocessing = 0;
		};
/* End PBXResourcesBuildPhase section */

/* Begin PBXSourcesBuildPhase section */
		6E495BBF2A674A5A0029638C /* Sources */ = {
			isa = PBXSourcesBuildPhase;
			buildActionMask = 2147483647;
			files = (
				6E495BC92A674A5A0029638C /* ContentView.swift in Sources */,
				6E495BC72A674A5A0029638C /* MyTrainerApp.swift in Sources */,
			);
			runOnlyForDeploymentPostprocessing = 0;
		};
		6E495BCF2A674A5F0029638C /* Sources */ = {
			isa = PBXSourcesBuildPhase;
			buildActionMask = 2147483647;
			files = (
				6E495BD82A674A5F0029638C /* MyTrainerTests.swift in Sources */,
			);
			runOnlyForDeploymentPostprocessing = 0;
		};
		6E495BD92A674A5F0029638C /* Sources */ = {
			isa = PBXSourcesBuildPhase;
			buildActionMask = 2147483647;
			files = (
				6E495BE42A674A5F0029638C /* MyTrainerUITestsLaunchTests.swift in Sources */,
				6E495BE22A674A5F0029638C /* MyTrainerUITests.swift in Sources */,
			);
			runOnlyForDeploymentPostprocessing = 0;
		};
/* End PBXSourcesBuildPhase section */

/* Begin PBXTargetDependency section */
		6E495BD52A674A5F0029638C /* PBXTargetDependency */ = {
			isa = PBXTargetDependency;
			target = 6E495BC22A674A5A0029638C /* MyTrainer */;
			targetProxy = 6E495BD42A674A5F0029638C /* PBXContainerItemProxy */;
		};
		6E495BDF2A674A5F0029638C /* PBXTargetDependency */ = {
			isa = PBXTargetDependency;
			target = 6E495BC22A674A5A0029638C /* MyTrainer */;
			targetProxy = 6E495BDE2A674A5F0029638C /* PBXContainerItemProxy */;
		};
/* End PBXTargetDependency section */

/* Begin XCBuildConfiguration section */
		6E495BE52A674A5F0029638C /* Debug */ = {
			isa = XCBuildConfiguration;
			buildSettings = {
				ALWAYS_SEARCH_USER_PATHS = NO;
				CLANG_ANALYZER_NONNULL = YES;
				CLANG_ANALYZER_NUMBER_OBJECT_CONVERSION = YES_AGGRESSIVE;
				CLANG_CXX_LANGUAGE_STANDARD = "gnu++20";
				CLANG_ENABLE_MODULES = YES;
				CLANG_ENABLE_OBJC_ARC = YES;
				CLANG_ENABLE_OBJC_WEAK = YES;
				CLANG_WARN_BLOCK_CAPTURE_AUTORELEASING = YES;
				CLANG_WARN_BOOL_CONVERSION = YES;
				CLANG_WARN_COMMA = YES;
				CLANG_WARN_CONSTANT_CONVERSION = YES;
				CLANG_WARN_DEPRECATED_OBJC_IMPLEMENTATIONS = YES;
				CLANG_WARN_DIRECT_OBJC_ISA_USAGE = YES_ERROR;
				CLANG_WARN_DOCUMENTATION_COMMENTS = YES;
				CLANG_WARN_EMPTY_BODY = YES;
				CLANG_WARN_ENUM_CONVERSION = YES;
				CLANG_WARN_INFINITE_RECURSION = YES;
				CLANG_WARN_INT_CONVERSION = YES;
				CLANG_WARN_NON_LITERAL_NULL_CONVERSION = YES;
				CLANG_WARN_OBJC_IMPLICIT_RETAIN_SELF = YES;
				CLANG_WARN_OBJC_LITERAL_CONVERSION = YES;
				CLANG_WARN_OBJC_ROOT_CLASS = YES_ERROR;
				CLANG_WARN_QUOTED_INCLUDE_IN_FRAMEWORK_HEADER = YES;
				CLANG_WARN_RANGE_LOOP_ANALYSIS = YES;
				CLANG_WARN_STRICT_PROTOTYPES = YES;
				CLANG_WARN_SUSPICIOUS_MOVE = YES;
				CLANG_WARN_UNGUARDED_AVAILABILITY = YES_AGGRESSIVE;
				CLANG_WARN_UNREACHABLE_CODE = YES;
				CLANG_WARN__DUPLICATE_METHOD_MATCH = YES;
				COPY_PHASE_STRIP = NO;
				DEBUG_INFORMATION_FORMAT = dwarf;
				ENABLE_STRICT_OBJC_MSGSEND = YES;
				ENABLE_TESTABILITY = YES;
				GCC_C_LANGUAGE_STANDARD = gnu11;
				GCC_DYNAMIC_NO_PIC = NO;
				GCC_NO_COMMON_BLOCKS = YES;
				GCC_OPTIMIZATION_LEVEL = 0;
				GCC_PREPROCESSOR_DEFINITIONS = (
					"DEBUG=1",
					"$(inherited)",
				);
				GCC_WARN_64_TO_32_BIT_CONVERSION = YES;
				GCC_WARN_ABOUT_RETURN_TYPE = YES_ERROR;
				GCC_WARN_UNDECLARED_SELECTOR = YES;
				GCC_WARN_UNINITIALIZED_AUTOS = YES_AGGRESSIVE;
				GCC_WARN_UNUSED_FUNCTION = YES;
				GCC_WARN_UNUSED_VARIABLE = YES;
				IPHONEOS_DEPLOYMENT_TARGET = 16.4;
				MTL_ENABLE_DEBUG_INFO = INCLUDE_SOURCE;
				MTL_FAST_MATH = YES;
				ONLY_ACTIVE_ARCH = YES;
				SDKROOT = iphoneos;
				SWIFT_ACTIVE_COMPILATION_CONDITIONS = DEBUG;
				SWIFT_OPTIMIZATION_LEVEL = "-Onone";
			};
			name = Debug;
		};
		6E495BE62A674A5F0029638C /* Release */ = {
			isa = XCBuildConfiguration;
			buildSettings = {
				ALWAYS_SEARCH_USER_PATHS = NO;
				CLANG_ANALYZER_NONNULL = YES;
				CLANG_ANALYZER_NUMBER_OBJECT_CONVERSION = YES_AGGRESSIVE;
				CLANG_CXX_LANGUAGE_STANDARD = "gnu++20";
				CLANG_ENABLE_MODULES = YES;
				CLANG_ENABLE_OBJC_ARC = YES;
				CLANG_ENABLE_OBJC_WEAK = YES;
				CLANG_WARN_BLOCK_CAPTURE_AUTORELEASING = YES;
				CLANG_WARN_BOOL_CONVERSION = YES;
				CLANG_WARN_COMMA = YES;
				CLANG_WARN_CONSTANT_CONVERSION = YES;
				CLANG_WARN_DEPRECATED_OBJC_IMPLEMENTATIONS = YES;
				CLANG_WARN_DIRECT_OBJC_ISA_USAGE = YES_ERROR;
				CLANG_WARN_DOCUMENTATION_COMMENTS = YES;
				CLANG_WARN_EMPTY_BODY = YES;
				CLANG_WARN_ENUM_CONVERSION = YES;
				CLANG_WARN_INFINITE_RECURSION = YES;
				CLANG_WARN_INT_CONVERSION = YES;
				CLANG_WARN_NON_LITERAL_NULL_CONVERSION = YES;
				CLANG_WARN_OBJC_IMPLICIT_RETAIN_SELF = YES;
				CLANG_WARN_OBJC_LITERAL_CONVERSION = YES;
				CLANG_WARN_OBJC_ROOT_CLASS = YES_ERROR;
				CLANG_WARN_QUOTED_INCLUDE_IN_FRAMEWORK_HEADER = YES;
				CLANG_WARN_RANGE_LOOP_ANALYSIS = YES;
				CLANG_WARN_STRICT_PROTOTYPES = YES;
				CLANG_WARN_SUSPICIOUS_MOVE = YES;
				CLANG_WARN_UNGUARDED_AVAILABILITY = YES_AGGRESSIVE;
				CLANG_WARN_UNREACHABLE_CODE = YES;
				CLANG_WARN__DUPLICATE_METHOD_MATCH = YES;
				COPY_PHASE_STRIP = NO;
				DEBUG_INFORMATION_FORMAT = "dwarf-with-dsym";
				ENABLE_NS_ASSERTIONS = NO;
				ENABLE_STRICT_OBJC_MSGSEND = YES;
				GCC_C_LANGUAGE_STANDARD = gnu11;
				GCC_NO_COMMON_BLOCKS = YES;
				GCC_WARN_64_TO_32_BIT_CONVERSION = YES;
				GCC_WARN_ABOUT_RETURN_TYPE = YES_ERROR;
				GCC_WARN_UNDECLARED_SELECTOR = YES;
				GCC_WARN_UNINITIALIZED_AUTOS = YES_AGGRESSIVE;
				GCC_WARN_UNUSED_FUNCTION = YES;
				GCC_WARN_UNUSED_VARIABLE = YES;
				IPHONEOS_DEPLOYMENT_TARGET = 16.4;
				MTL_ENABLE_DEBUG_INFO = NO;
				MTL_FAST_MATH = YES;
				SDKROOT = iphoneos;
				SWIFT_COMPILATION_MODE = wholemodule;
				SWIFT_OPTIMIZATION_LEVEL = "-O";
				VALIDATE_PRODUCT = YES;
			};
			name = Release;
		};
		6E495BE82A674A5F0029638C /* Debug */ = {
			isa = XCBuildConfiguration;
			buildSettings = {
				ASSETCATALOG_COMPILER_APPICON_NAME = AppIcon;
				ASSETCATALOG_COMPILER_GLOBAL_ACCENT_COLOR_NAME = AccentColor;
				CODE_SIGN_STYLE = Automatic;
				CURRENT_PROJECT_VERSION = 1;
				DEVELOPMENT_ASSET_PATHS = "\"MyTrainer/Preview Content\"";
				DEVELOPMENT_TEAM = 64J2FG764T;
				ENABLE_PREVIEWS = YES;
				GENERATE_INFOPLIST_FILE = YES;
				INFOPLIST_KEY_UIApplicationSceneManifest_Generation = YES;
				INFOPLIST_KEY_UIApplicationSupportsIndirectInputEvents = YES;
				INFOPLIST_KEY_UILaunchScreen_Generation = YES;
				INFOPLIST_KEY_UISupportedInterfaceOrientations_iPad = "UIInterfaceOrientationPortrait UIInterfaceOrientationPortraitUpsideDown UIInterfaceOrientationLandscapeLeft UIInterfaceOrientationLandscapeRight";
				INFOPLIST_KEY_UISupportedInterfaceOrientations_iPhone = "UIInterfaceOrientationPortrait UIInterfaceOrientationLandscapeLeft UIInterfaceOrientationLandscapeRight";
				LD_RUNPATH_SEARCH_PATHS = (
					"$(inherited)",
					"@executable_path/Frameworks",
				);
				MARKETING_VERSION = 1.0;
				PRODUCT_BUNDLE_IDENTIFIER = projects.MyTrainer;
				PRODUCT_NAME = "$(TARGET_NAME)";
				SWIFT_EMIT_LOC_STRINGS = YES;
				SWIFT_VERSION = 5.0;
				TARGETED_DEVICE_FAMILY = "1,2";
			};
			name = Debug;
		};
		6E495BE92A674A5F0029638C /* Release */ = {
			isa = XCBuildConfiguration;
			buildSettings = {
				ASSETCATALOG_COMPILER_APPICON_NAME = AppIcon;
				ASSETCATALOG_COMPILER_GLOBAL_ACCENT_COLOR_NAME = AccentColor;
				CODE_SIGN_STYLE = Automatic;
				CURRENT_PROJECT_VERSION = 1;
				DEVELOPMENT_ASSET_PATHS = "\"MyTrainer/Preview Content\"";
				DEVELOPMENT_TEAM = 64J2FG764T;
				ENABLE_PREVIEWS = YES;
				GENERATE_INFOPLIST_FILE = YES;
				INFOPLIST_KEY_UIApplicationSceneManifest_Generation = YES;
				INFOPLIST_KEY_UIApplicationSupportsIndirectInputEvents = YES;
				INFOPLIST_KEY_UILaunchScreen_Generation = YES;
				INFOPLIST_KEY_UISupportedInterfaceOrientations_iPad = "UIInterfaceOrientationPortrait UIInterfaceOrientationPortraitUpsideDown UIInterfaceOrientationLandscapeLeft UIInterfaceOrientationLandscapeRight";
				INFOPLIST_KEY_UISupportedInterfaceOrientations_iPhone = "UIInterfaceOrientationPortrait UIInterfaceOrientationLandscapeLeft UIInterfaceOrientationLandscapeRight";
				LD_RUNPATH_SEARCH_PATHS = (
					"$(inherited)",
					"@executable_path/Frameworks",
				);
				MARKETING_VERSION = 1.0;
				PRODUCT_BUNDLE_IDENTIFIER = projects.MyTrainer;
				PRODUCT_NAME = "$(TARGET_NAME)";
				SWIFT_EMIT_LOC_STRINGS = YES;
				SWIFT_VERSION = 5.0;
				TARGETED_DEVICE_FAMILY = "1,2";
			};
			name = Release;
		};
		6E495BEB2A674A5F0029638C /* Debug */ = {
			isa = XCBuildConfiguration;
			buildSettings = {
				ALWAYS_EMBED_SWIFT_STANDARD_LIBRARIES = YES;
				BUNDLE_LOADER = "$(TEST_HOST)";
				CODE_SIGN_STYLE = Automatic;
				CURRENT_PROJECT_VERSION = 1;
				DEVELOPMENT_TEAM = 64J2FG764T;
				GENERATE_INFOPLIST_FILE = YES;
				IPHONEOS_DEPLOYMENT_TARGET = 16.4;
				MARKETING_VERSION = 1.0;
				PRODUCT_BUNDLE_IDENTIFIER = projects.MyTrainerTests;
				PRODUCT_NAME = "$(TARGET_NAME)";
				SWIFT_EMIT_LOC_STRINGS = NO;
				SWIFT_VERSION = 5.0;
				TARGETED_DEVICE_FAMILY = "1,2";
				TEST_HOST = "$(BUILT_PRODUCTS_DIR)/MyTrainer.app/$(BUNDLE_EXECUTABLE_FOLDER_PATH)/MyTrainer";
			};
			name = Debug;
		};
		6E495BEC2A674A5F0029638C /* Release */ = {
			isa = XCBuildConfiguration;
			buildSettings = {
				ALWAYS_EMBED_SWIFT_STANDARD_LIBRARIES = YES;
				BUNDLE_LOADER = "$(TEST_HOST)";
				CODE_SIGN_STYLE = Automatic;
				CURRENT_PROJECT_VERSION = 1;
				DEVELOPMENT_TEAM = 64J2FG764T;
				GENERATE_INFOPLIST_FILE = YES;
				IPHONEOS_DEPLOYMENT_TARGET = 16.4;
				MARKETING_VERSION = 1.0;
				PRODUCT_BUNDLE_IDENTIFIER = projects.MyTrainerTests;
				PRODUCT_NAME = "$(TARGET_NAME)";
				SWIFT_EMIT_LOC_STRINGS = NO;
				SWIFT_VERSION = 5.0;
				TARGETED_DEVICE_FAMILY = "1,2";
				TEST_HOST = "$(BUILT_PRODUCTS_DIR)/MyTrainer.app/$(BUNDLE_EXECUTABLE_FOLDER_PATH)/MyTrainer";
			};
			name = Release;
		};
		6E495BEE2A674A5F0029638C /* Debug */ = {
			isa = XCBuildConfiguration;
			buildSettings = {
				ALWAYS_EMBED_SWIFT_STANDARD_LIBRARIES = YES;
				CODE_SIGN_STYLE = Automatic;
				CURRENT_PROJECT_VERSION = 1;
				DEVELOPMENT_TEAM = 64J2FG764T;
				GENERATE_INFOPLIST_FILE = YES;
				MARKETING_VERSION = 1.0;
				PRODUCT_BUNDLE_IDENTIFIER = projects.MyTrainerUITests;
				PRODUCT_NAME = "$(TARGET_NAME)";
				SWIFT_EMIT_LOC_STRINGS = NO;
				SWIFT_VERSION = 5.0;
				TARGETED_DEVICE_FAMILY = "1,2";
				TEST_TARGET_NAME = MyTrainer;
			};
			name = Debug;
		};
		6E495BEF2A674A5F0029638C /* Release */ = {
			isa = XCBuildConfiguration;
			buildSettings = {
				ALWAYS_EMBED_SWIFT_STANDARD_LIBRARIES = YES;
				CODE_SIGN_STYLE = Automatic;
				CURRENT_PROJECT_VERSION = 1;
				DEVELOPMENT_TEAM = 64J2FG764T;
				GENERATE_INFOPLIST_FILE = YES;
				MARKETING_VERSION = 1.0;
				PRODUCT_BUNDLE_IDENTIFIER = projects.MyTrainerUITests;
				PRODUCT_NAME = "$(TARGET_NAME)";
				SWIFT_EMIT_LOC_STRINGS = NO;
				SWIFT_VERSION = 5.0;
				TARGETED_DEVICE_FAMILY = "1,2";
				TEST_TARGET_NAME = MyTrainer;
			};
			name = Release;
		};
/* End XCBuildConfiguration section */

/* Begin XCConfigurationList section */
		6E495BBE2A674A5A0029638C /* Build configuration list for PBXProject "MyTrainer" */ = {
			isa = XCConfigurationList;
			buildConfigurations = (
				6E495BE52A674A5F0029638C /* Debug */,
				6E495BE62A674A5F0029638C /* Release */,
			);
			defaultConfigurationIsVisible = 0;
			defaultConfigurationName = Release;
		};
		6E495BE72A674A5F0029638C /* Build configuration list for PBXNativeTarget "MyTrainer" */ = {
			isa = XCConfigurationList;
			buildConfigurations = (
				6E495BE82A674A5F0029638C /* Debug */,
				6E495BE92A674A5F0029638C /* Release */,
			);
			defaultConfigurationIsVisible = 0;
			defaultConfigurationName = Release;
		};
		6E495BEA2A674A5F0029638C /* Build configuration list for PBXNativeTarget "MyTrainerTests" */ = {
			isa = XCConfigurationList;
			buildConfigurations = (
				6E495BEB2A674A5F0029638C /* Debug */,
				6E495BEC2A674A5F0029638C /* Release */,
			);
			defaultConfigurationIsVisible = 0;
			defaultConfigurationName = Release;
		};
		6E495BED2A674A5F0029638C /* Build configuration list for PBXNativeTarget "MyTrainerUITests" */ = {
			isa = XCConfigurationList;
			buildConfigurations = (
				6E495BEE2A674A5F0029638C /* Debug */,
				6E495BEF2A674A5F0029638C /* Release */,
			);
			defaultConfigurationIsVisible = 0;
			defaultConfigurationName = Release;
		};
/* End XCConfigurationList section */
	};
	rootObject = 6E495BBB2A674A5A0029638C /* Project object */;
}
