// !$*UTF8*$!
{
	archiveVersion = 1;
	classes = {
	};
	objectVersion = 56;
	objects = {

/* Begin PBXBuildFile section */
		31833BC867158ACAEEDCF9FF /* Pods_MyTrainerTests.framework in Frameworks */ = {isa = PBXBuildFile; fileRef = 5991EEA27014D939032379EE /* Pods_MyTrainerTests.framework */; };
		6E495BC72A674A5A0029638C /* MyTrainerApp.swift in Sources */ = {isa = PBXBuildFile; fileRef = 6E495BC62A674A5A0029638C /* MyTrainerApp.swift */; };
		6E495BC92A674A5A0029638C /* ContentView.swift in Sources */ = {isa = PBXBuildFile; fileRef = 6E495BC82A674A5A0029638C /* ContentView.swift */; };
		6E495BCB2A674A5E0029638C /* Assets.xcassets in Resources */ = {isa = PBXBuildFile; fileRef = 6E495BCA2A674A5E0029638C /* Assets.xcassets */; };
		6E495BCE2A674A5E0029638C /* Preview Assets.xcassets in Resources */ = {isa = PBXBuildFile; fileRef = 6E495BCD2A674A5E0029638C /* Preview Assets.xcassets */; };
		6E495BD82A674A5F0029638C /* MyTrainerTests.swift in Sources */ = {isa = PBXBuildFile; fileRef = 6E495BD72A674A5F0029638C /* MyTrainerTests.swift */; };
		6E495BE22A674A5F0029638C /* MyTrainerUITests.swift in Sources */ = {isa = PBXBuildFile; fileRef = 6E495BE12A674A5F0029638C /* MyTrainerUITests.swift */; };
		6E495BE42A674A5F0029638C /* MyTrainerUITestsLaunchTests.swift in Sources */ = {isa = PBXBuildFile; fileRef = 6E495BE32A674A5F0029638C /* MyTrainerUITestsLaunchTests.swift */; };
		6E495BF12A6B04E70029638C /* SettingsScreen.swift in Sources */ = {isa = PBXBuildFile; fileRef = 6E495BF02A6B04E60029638C /* SettingsScreen.swift */; };
		6E9C0AB72A6B12F90048F363 /* GoogleSignIn in Frameworks */ = {isa = PBXBuildFile; productRef = 6E9C0AB62A6B12F90048F363 /* GoogleSignIn */; };
		6E9C0AB92A6B12F90048F363 /* GoogleSignInSwift in Frameworks */ = {isa = PBXBuildFile; productRef = 6E9C0AB82A6B12F90048F363 /* GoogleSignInSwift */; };
		6E9C0ABB2A6B28300048F363 /* FirebaseAnalytics in Frameworks */ = {isa = PBXBuildFile; productRef = 6E9C0ABA2A6B28300048F363 /* FirebaseAnalytics */; };
		6E9C0ABD2A6B28400048F363 /* FirebaseAuth in Frameworks */ = {isa = PBXBuildFile; productRef = 6E9C0ABC2A6B28400048F363 /* FirebaseAuth */; };
		6E9C0ABF2A6B28BD0048F363 /* FirebaseAnalyticsOnDeviceConversion in Frameworks */ = {isa = PBXBuildFile; productRef = 6E9C0ABE2A6B28BD0048F363 /* FirebaseAnalyticsOnDeviceConversion */; };
		6E9C0AC12A6B28BD0048F363 /* FirebaseAnalyticsSwift in Frameworks */ = {isa = PBXBuildFile; productRef = 6E9C0AC02A6B28BD0048F363 /* FirebaseAnalyticsSwift */; };
		6E9C0AC32A6B28BD0048F363 /* FirebaseAnalyticsWithoutAdIdSupport in Frameworks */ = {isa = PBXBuildFile; productRef = 6E9C0AC22A6B28BD0048F363 /* FirebaseAnalyticsWithoutAdIdSupport */; };
		6E9C0AC52A6B28BD0048F363 /* FirebaseAppCheck in Frameworks */ = {isa = PBXBuildFile; productRef = 6E9C0AC42A6B28BD0048F363 /* FirebaseAppCheck */; };
		6E9C0AC72A6B28BD0048F363 /* FirebaseAppDistribution-Beta in Frameworks */ = {isa = PBXBuildFile; productRef = 6E9C0AC62A6B28BD0048F363 /* FirebaseAppDistribution-Beta */; };
		6E9C0AC92A6B28BD0048F363 /* FirebaseAuthCombine-Community in Frameworks */ = {isa = PBXBuildFile; productRef = 6E9C0AC82A6B28BD0048F363 /* FirebaseAuthCombine-Community */; };
		6E9C0ACB2A6B28BD0048F363 /* FirebaseCrashlytics in Frameworks */ = {isa = PBXBuildFile; productRef = 6E9C0ACA2A6B28BD0048F363 /* FirebaseCrashlytics */; };
		6E9C0ACD2A6B28BD0048F363 /* FirebaseDatabase in Frameworks */ = {isa = PBXBuildFile; productRef = 6E9C0ACC2A6B28BD0048F363 /* FirebaseDatabase */; };
		6E9C0ACF2A6B28BD0048F363 /* FirebaseDatabaseSwift in Frameworks */ = {isa = PBXBuildFile; productRef = 6E9C0ACE2A6B28BD0048F363 /* FirebaseDatabaseSwift */; };
		6E9C0AD12A6B28BD0048F363 /* FirebaseDynamicLinks in Frameworks */ = {isa = PBXBuildFile; productRef = 6E9C0AD02A6B28BD0048F363 /* FirebaseDynamicLinks */; };
		6E9C0AD32A6B28BD0048F363 /* FirebaseFirestore in Frameworks */ = {isa = PBXBuildFile; productRef = 6E9C0AD22A6B28BD0048F363 /* FirebaseFirestore */; };
		6E9C0AD52A6B28BD0048F363 /* FirebaseFirestoreCombine-Community in Frameworks */ = {isa = PBXBuildFile; productRef = 6E9C0AD42A6B28BD0048F363 /* FirebaseFirestoreCombine-Community */; };
		6E9C0AD72A6B28BD0048F363 /* FirebaseFirestoreSwift in Frameworks */ = {isa = PBXBuildFile; productRef = 6E9C0AD62A6B28BD0048F363 /* FirebaseFirestoreSwift */; };
		6E9C0AD92A6B28BD0048F363 /* FirebaseFunctions in Frameworks */ = {isa = PBXBuildFile; productRef = 6E9C0AD82A6B28BD0048F363 /* FirebaseFunctions */; };
		6E9C0ADB2A6B28BD0048F363 /* FirebaseFunctionsCombine-Community in Frameworks */ = {isa = PBXBuildFile; productRef = 6E9C0ADA2A6B28BD0048F363 /* FirebaseFunctionsCombine-Community */; };
		6E9C0ADD2A6B28BD0048F363 /* FirebaseInAppMessaging-Beta in Frameworks */ = {isa = PBXBuildFile; productRef = 6E9C0ADC2A6B28BD0048F363 /* FirebaseInAppMessaging-Beta */; };
		6E9C0ADF2A6B28BD0048F363 /* FirebaseInAppMessagingSwift-Beta in Frameworks */ = {isa = PBXBuildFile; productRef = 6E9C0ADE2A6B28BD0048F363 /* FirebaseInAppMessagingSwift-Beta */; };
		6E9C0AE12A6B28BD0048F363 /* FirebaseInstallations in Frameworks */ = {isa = PBXBuildFile; productRef = 6E9C0AE02A6B28BD0048F363 /* FirebaseInstallations */; };
		6E9C0AE32A6B28BD0048F363 /* FirebaseMessaging in Frameworks */ = {isa = PBXBuildFile; productRef = 6E9C0AE22A6B28BD0048F363 /* FirebaseMessaging */; };
		6E9C0AE52A6B28BD0048F363 /* FirebaseMLModelDownloader in Frameworks */ = {isa = PBXBuildFile; productRef = 6E9C0AE42A6B28BD0048F363 /* FirebaseMLModelDownloader */; };
		6E9C0AE72A6B28BD0048F363 /* FirebasePerformance in Frameworks */ = {isa = PBXBuildFile; productRef = 6E9C0AE62A6B28BD0048F363 /* FirebasePerformance */; };
		6E9C0AE92A6B28BD0048F363 /* FirebaseRemoteConfig in Frameworks */ = {isa = PBXBuildFile; productRef = 6E9C0AE82A6B28BD0048F363 /* FirebaseRemoteConfig */; };
		6E9C0AEB2A6B28BD0048F363 /* FirebaseRemoteConfigSwift in Frameworks */ = {isa = PBXBuildFile; productRef = 6E9C0AEA2A6B28BD0048F363 /* FirebaseRemoteConfigSwift */; };
		6E9C0AED2A6B28BD0048F363 /* FirebaseStorage in Frameworks */ = {isa = PBXBuildFile; productRef = 6E9C0AEC2A6B28BD0048F363 /* FirebaseStorage */; };
		6E9C0AEF2A6B28BD0048F363 /* FirebaseStorageCombine-Community in Frameworks */ = {isa = PBXBuildFile; productRef = 6E9C0AEE2A6B28BD0048F363 /* FirebaseStorageCombine-Community */; };
		9F11AB9750244EC899C589FE /* Pods_MyTrainer.framework in Frameworks */ = {isa = PBXBuildFile; fileRef = EA31BA4B734C3FD490C858FB /* Pods_MyTrainer.framework */; };
		F3A656E6A9464B50EE68711C /* Pods_MyTrainer_MyTrainerUITests.framework in Frameworks */ = {isa = PBXBuildFile; fileRef = 5BB2E86DC01D6A50ED8D7FA0 /* Pods_MyTrainer_MyTrainerUITests.framework */; };
/* End PBXBuildFile section */

/* Begin PBXContainerItemProxy section */
		6E495BD42A674A5F0029638C /* PBXContainerItemProxy */ = {
			isa = PBXContainerItemProxy;
			containerPortal = 6E495BBB2A674A5A0029638C /* Project object */;
			proxyType = 1;
			remoteGlobalIDString = 6E495BC22A674A5A0029638C;
			remoteInfo = MyTrainer;
		};
		6E495BDE2A674A5F0029638C /* PBXContainerItemProxy */ = {
			isa = PBXContainerItemProxy;
			containerPortal = 6E495BBB2A674A5A0029638C /* Project object */;
			proxyType = 1;
			remoteGlobalIDString = 6E495BC22A674A5A0029638C;
			remoteInfo = MyTrainer;
		};
/* End PBXContainerItemProxy section */

/* Begin PBXFileReference section */
		26985C7C15657C8E54960C2D /* Pods-MyTrainer.release.xcconfig */ = {isa = PBXFileReference; includeInIndex = 1; lastKnownFileType = text.xcconfig; name = "Pods-MyTrainer.release.xcconfig"; path = "Target Support Files/Pods-MyTrainer/Pods-MyTrainer.release.xcconfig"; sourceTree = "<group>"; };
		5991EEA27014D939032379EE /* Pods_MyTrainerTests.framework */ = {isa = PBXFileReference; explicitFileType = wrapper.framework; includeInIndex = 0; path = Pods_MyTrainerTests.framework; sourceTree = BUILT_PRODUCTS_DIR; };
		5BB2E86DC01D6A50ED8D7FA0 /* Pods_MyTrainer_MyTrainerUITests.framework */ = {isa = PBXFileReference; explicitFileType = wrapper.framework; includeInIndex = 0; path = Pods_MyTrainer_MyTrainerUITests.framework; sourceTree = BUILT_PRODUCTS_DIR; };
		6E495BC32A674A5A0029638C /* MyTrainer.app */ = {isa = PBXFileReference; explicitFileType = wrapper.application; includeInIndex = 0; path = MyTrainer.app; sourceTree = BUILT_PRODUCTS_DIR; };
		6E495BC62A674A5A0029638C /* MyTrainerApp.swift */ = {isa = PBXFileReference; lastKnownFileType = sourcecode.swift; path = MyTrainerApp.swift; sourceTree = "<group>"; };
		6E495BC82A674A5A0029638C /* ContentView.swift */ = {isa = PBXFileReference; lastKnownFileType = sourcecode.swift; path = ContentView.swift; sourceTree = "<group>"; };
		6E495BCA2A674A5E0029638C /* Assets.xcassets */ = {isa = PBXFileReference; lastKnownFileType = folder.assetcatalog; path = Assets.xcassets; sourceTree = "<group>"; };
		6E495BCD2A674A5E0029638C /* Preview Assets.xcassets */ = {isa = PBXFileReference; lastKnownFileType = folder.assetcatalog; path = "Preview Assets.xcassets"; sourceTree = "<group>"; };
		6E495BD32A674A5F0029638C /* MyTrainerTests.xctest */ = {isa = PBXFileReference; explicitFileType = wrapper.cfbundle; includeInIndex = 0; path = MyTrainerTests.xctest; sourceTree = BUILT_PRODUCTS_DIR; };
		6E495BD72A674A5F0029638C /* MyTrainerTests.swift */ = {isa = PBXFileReference; lastKnownFileType = sourcecode.swift; path = MyTrainerTests.swift; sourceTree = "<group>"; };
		6E495BDD2A674A5F0029638C /* MyTrainerUITests.xctest */ = {isa = PBXFileReference; explicitFileType = wrapper.cfbundle; includeInIndex = 0; path = MyTrainerUITests.xctest; sourceTree = BUILT_PRODUCTS_DIR; };
		6E495BE12A674A5F0029638C /* MyTrainerUITests.swift */ = {isa = PBXFileReference; lastKnownFileType = sourcecode.swift; path = MyTrainerUITests.swift; sourceTree = "<group>"; };
		6E495BE32A674A5F0029638C /* MyTrainerUITestsLaunchTests.swift */ = {isa = PBXFileReference; lastKnownFileType = sourcecode.swift; path = MyTrainerUITestsLaunchTests.swift; sourceTree = "<group>"; };
		6E495BF02A6B04E60029638C /* SettingsScreen.swift */ = {isa = PBXFileReference; lastKnownFileType = sourcecode.swift; path = SettingsScreen.swift; sourceTree = "<group>"; };
		7775C6AAC8855416B91736BC /* Pods-MyTrainer-MyTrainerUITests.debug.xcconfig */ = {isa = PBXFileReference; includeInIndex = 1; lastKnownFileType = text.xcconfig; name = "Pods-MyTrainer-MyTrainerUITests.debug.xcconfig"; path = "Target Support Files/Pods-MyTrainer-MyTrainerUITests/Pods-MyTrainer-MyTrainerUITests.debug.xcconfig"; sourceTree = "<group>"; };
		92A7F295E61A2605B630DA04 /* Pods-MyTrainerTests.debug.xcconfig */ = {isa = PBXFileReference; includeInIndex = 1; lastKnownFileType = text.xcconfig; name = "Pods-MyTrainerTests.debug.xcconfig"; path = "Target Support Files/Pods-MyTrainerTests/Pods-MyTrainerTests.debug.xcconfig"; sourceTree = "<group>"; };
		95E9D244D136938E77920910 /* Pods-MyTrainerTests.release.xcconfig */ = {isa = PBXFileReference; includeInIndex = 1; lastKnownFileType = text.xcconfig; name = "Pods-MyTrainerTests.release.xcconfig"; path = "Target Support Files/Pods-MyTrainerTests/Pods-MyTrainerTests.release.xcconfig"; sourceTree = "<group>"; };
		B08BA87A98341FFFDE0CD7A0 /* Pods-MyTrainer-MyTrainerUITests.release.xcconfig */ = {isa = PBXFileReference; includeInIndex = 1; lastKnownFileType = text.xcconfig; name = "Pods-MyTrainer-MyTrainerUITests.release.xcconfig"; path = "Target Support Files/Pods-MyTrainer-MyTrainerUITests/Pods-MyTrainer-MyTrainerUITests.release.xcconfig"; sourceTree = "<group>"; };
		BE6FBB4733DAA507165719E2 /* Pods-MyTrainer.debug.xcconfig */ = {isa = PBXFileReference; includeInIndex = 1; lastKnownFileType = text.xcconfig; name = "Pods-MyTrainer.debug.xcconfig"; path = "Target Support Files/Pods-MyTrainer/Pods-MyTrainer.debug.xcconfig"; sourceTree = "<group>"; };
		EA31BA4B734C3FD490C858FB /* Pods_MyTrainer.framework */ = {isa = PBXFileReference; explicitFileType = wrapper.framework; includeInIndex = 0; path = Pods_MyTrainer.framework; sourceTree = BUILT_PRODUCTS_DIR; };
/* End PBXFileReference section */

/* Begin PBXFrameworksBuildPhase section */
		6E495BC02A674A5A0029638C /* Frameworks */ = {
			isa = PBXFrameworksBuildPhase;
			buildActionMask = 2147483647;
			files = (
				6E9C0AE32A6B28BD0048F363 /* FirebaseMessaging in Frameworks */,
				6E9C0ADF2A6B28BD0048F363 /* FirebaseInAppMessagingSwift-Beta in Frameworks */,
				6E9C0ACF2A6B28BD0048F363 /* FirebaseDatabaseSwift in Frameworks */,
				6E9C0ACD2A6B28BD0048F363 /* FirebaseDatabase in Frameworks */,
				6E9C0AB92A6B12F90048F363 /* GoogleSignInSwift in Frameworks */,
				6E9C0ADB2A6B28BD0048F363 /* FirebaseFunctionsCombine-Community in Frameworks */,
				6E9C0AE12A6B28BD0048F363 /* FirebaseInstallations in Frameworks */,
				6E9C0AE52A6B28BD0048F363 /* FirebaseMLModelDownloader in Frameworks */,
				6E9C0ABF2A6B28BD0048F363 /* FirebaseAnalyticsOnDeviceConversion in Frameworks */,
				6E9C0AE92A6B28BD0048F363 /* FirebaseRemoteConfig in Frameworks */,
				6E9C0ABD2A6B28400048F363 /* FirebaseAuth in Frameworks */,
				6E9C0AED2A6B28BD0048F363 /* FirebaseStorage in Frameworks */,
				6E9C0AE72A6B28BD0048F363 /* FirebasePerformance in Frameworks */,
				6E9C0AD32A6B28BD0048F363 /* FirebaseFirestore in Frameworks */,
				6E9C0ADD2A6B28BD0048F363 /* FirebaseInAppMessaging-Beta in Frameworks */,
				6E9C0AC12A6B28BD0048F363 /* FirebaseAnalyticsSwift in Frameworks */,
				6E9C0ABB2A6B28300048F363 /* FirebaseAnalytics in Frameworks */,
				6E9C0AEB2A6B28BD0048F363 /* FirebaseRemoteConfigSwift in Frameworks */,
				6E9C0AC92A6B28BD0048F363 /* FirebaseAuthCombine-Community in Frameworks */,
				6E9C0AD92A6B28BD0048F363 /* FirebaseFunctions in Frameworks */,
				6E9C0AB72A6B12F90048F363 /* GoogleSignIn in Frameworks */,
				6E9C0AEF2A6B28BD0048F363 /* FirebaseStorageCombine-Community in Frameworks */,
				6E9C0AD52A6B28BD0048F363 /* FirebaseFirestoreCombine-Community in Frameworks */,
				6E9C0AC72A6B28BD0048F363 /* FirebaseAppDistribution-Beta in Frameworks */,
				6E9C0ACB2A6B28BD0048F363 /* FirebaseCrashlytics in Frameworks */,
				6E9C0AC52A6B28BD0048F363 /* FirebaseAppCheck in Frameworks */,
				6E9C0AC32A6B28BD0048F363 /* FirebaseAnalyticsWithoutAdIdSupport in Frameworks */,
				6E9C0AD12A6B28BD0048F363 /* FirebaseDynamicLinks in Frameworks */,
				6E9C0AD72A6B28BD0048F363 /* FirebaseFirestoreSwift in Frameworks */,
				9F11AB9750244EC899C589FE /* Pods_MyTrainer.framework in Frameworks */,
			);
			runOnlyForDeploymentPostprocessing = 0;
		};
		6E495BD02A674A5F0029638C /* Frameworks */ = {
			isa = PBXFrameworksBuildPhase;
			buildActionMask = 2147483647;
			files = (
				31833BC867158ACAEEDCF9FF /* Pods_MyTrainerTests.framework in Frameworks */,
			);
			runOnlyForDeploymentPostprocessing = 0;
		};
		6E495BDA2A674A5F0029638C /* Frameworks */ = {
			isa = PBXFrameworksBuildPhase;
			buildActionMask = 2147483647;
			files = (
				F3A656E6A9464B50EE68711C /* Pods_MyTrainer_MyTrainerUITests.framework in Frameworks */,
			);
			runOnlyForDeploymentPostprocessing = 0;
		};
/* End PBXFrameworksBuildPhase section */

/* Begin PBXGroup section */
		6E495BBA2A674A5A0029638C = {
			isa = PBXGroup;
			children = (
				6E495BC52A674A5A0029638C /* MyTrainer */,
				6E495BD62A674A5F0029638C /* MyTrainerTests */,
				6E495BE02A674A5F0029638C /* MyTrainerUITests */,
				6E495BC42A674A5A0029638C /* Products */,
				CF068A740DD419B2C3B43F2A /* Pods */,
				D4B631DD04384B7D9E595466 /* Frameworks */,
			);
			sourceTree = "<group>";
		};
		6E495BC42A674A5A0029638C /* Products */ = {
			isa = PBXGroup;
			children = (
				6E495BC32A674A5A0029638C /* MyTrainer.app */,
				6E495BD32A674A5F0029638C /* MyTrainerTests.xctest */,
				6E495BDD2A674A5F0029638C /* MyTrainerUITests.xctest */,
			);
			name = Products;
			sourceTree = "<group>";
		};
		6E495BC52A674A5A0029638C /* MyTrainer */ = {
			isa = PBXGroup;
			children = (
				6E495BC62A674A5A0029638C /* MyTrainerApp.swift */,
				6E495BC82A674A5A0029638C /* ContentView.swift */,
				6E495BCA2A674A5E0029638C /* Assets.xcassets */,
				6E495BCC2A674A5E0029638C /* Preview Content */,
				6E495BF02A6B04E60029638C /* SettingsScreen.swift */,
			);
			path = MyTrainer;
			sourceTree = "<group>";
		};
		6E495BCC2A674A5E0029638C /* Preview Content */ = {
			isa = PBXGroup;
			children = (
				6E495BCD2A674A5E0029638C /* Preview Assets.xcassets */,
			);
			path = "Preview Content";
			sourceTree = "<group>";
		};
		6E495BD62A674A5F0029638C /* MyTrainerTests */ = {
			isa = PBXGroup;
			children = (
				6E495BD72A674A5F0029638C /* MyTrainerTests.swift */,
			);
			path = MyTrainerTests;
			sourceTree = "<group>";
		};
		6E495BE02A674A5F0029638C /* MyTrainerUITests */ = {
			isa = PBXGroup;
			children = (
				6E495BE12A674A5F0029638C /* MyTrainerUITests.swift */,
				6E495BE32A674A5F0029638C /* MyTrainerUITestsLaunchTests.swift */,
			);
			path = MyTrainerUITests;
			sourceTree = "<group>";
		};
		CF068A740DD419B2C3B43F2A /* Pods */ = {
			isa = PBXGroup;
			children = (
				BE6FBB4733DAA507165719E2 /* Pods-MyTrainer.debug.xcconfig */,
				26985C7C15657C8E54960C2D /* Pods-MyTrainer.release.xcconfig */,
				7775C6AAC8855416B91736BC /* Pods-MyTrainer-MyTrainerUITests.debug.xcconfig */,
				B08BA87A98341FFFDE0CD7A0 /* Pods-MyTrainer-MyTrainerUITests.release.xcconfig */,
				92A7F295E61A2605B630DA04 /* Pods-MyTrainerTests.debug.xcconfig */,
				95E9D244D136938E77920910 /* Pods-MyTrainerTests.release.xcconfig */,
			);
			path = Pods;
			sourceTree = "<group>";
		};
		D4B631DD04384B7D9E595466 /* Frameworks */ = {
			isa = PBXGroup;
			children = (
				EA31BA4B734C3FD490C858FB /* Pods_MyTrainer.framework */,
				5BB2E86DC01D6A50ED8D7FA0 /* Pods_MyTrainer_MyTrainerUITests.framework */,
				5991EEA27014D939032379EE /* Pods_MyTrainerTests.framework */,
			);
			name = Frameworks;
			sourceTree = "<group>";
		};
/* End PBXGroup section */

/* Begin PBXNativeTarget section */
		6E495BC22A674A5A0029638C /* MyTrainer */ = {
			isa = PBXNativeTarget;
			buildConfigurationList = 6E495BE72A674A5F0029638C /* Build configuration list for PBXNativeTarget "MyTrainer" */;
			buildPhases = (
				4A7CEC6EAD6B057814346704 /* [CP] Check Pods Manifest.lock */,
				6E495BBF2A674A5A0029638C /* Sources */,
				6E495BC02A674A5A0029638C /* Frameworks */,
				6E495BC12A674A5A0029638C /* Resources */,
			);
			buildRules = (
			);
			dependencies = (
			);
			name = MyTrainer;
			packageProductDependencies = (
				6E9C0AB62A6B12F90048F363 /* GoogleSignIn */,
				6E9C0AB82A6B12F90048F363 /* GoogleSignInSwift */,
				6E9C0ABA2A6B28300048F363 /* FirebaseAnalytics */,
				6E9C0ABC2A6B28400048F363 /* FirebaseAuth */,
				6E9C0ABE2A6B28BD0048F363 /* FirebaseAnalyticsOnDeviceConversion */,
				6E9C0AC02A6B28BD0048F363 /* FirebaseAnalyticsSwift */,
				6E9C0AC22A6B28BD0048F363 /* FirebaseAnalyticsWithoutAdIdSupport */,
				6E9C0AC42A6B28BD0048F363 /* FirebaseAppCheck */,
				6E9C0AC62A6B28BD0048F363 /* FirebaseAppDistribution-Beta */,
				6E9C0AC82A6B28BD0048F363 /* FirebaseAuthCombine-Community */,
				6E9C0ACA2A6B28BD0048F363 /* FirebaseCrashlytics */,
				6E9C0ACC2A6B28BD0048F363 /* FirebaseDatabase */,
				6E9C0ACE2A6B28BD0048F363 /* FirebaseDatabaseSwift */,
				6E9C0AD02A6B28BD0048F363 /* FirebaseDynamicLinks */,
				6E9C0AD22A6B28BD0048F363 /* FirebaseFirestore */,
				6E9C0AD42A6B28BD0048F363 /* FirebaseFirestoreCombine-Community */,
				6E9C0AD62A6B28BD0048F363 /* FirebaseFirestoreSwift */,
				6E9C0AD82A6B28BD0048F363 /* FirebaseFunctions */,
				6E9C0ADA2A6B28BD0048F363 /* FirebaseFunctionsCombine-Community */,
				6E9C0ADC2A6B28BD0048F363 /* FirebaseInAppMessaging-Beta */,
				6E9C0ADE2A6B28BD0048F363 /* FirebaseInAppMessagingSwift-Beta */,
				6E9C0AE02A6B28BD0048F363 /* FirebaseInstallations */,
				6E9C0AE22A6B28BD0048F363 /* FirebaseMessaging */,
				6E9C0AE42A6B28BD0048F363 /* FirebaseMLModelDownloader */,
				6E9C0AE62A6B28BD0048F363 /* FirebasePerformance */,
				6E9C0AE82A6B28BD0048F363 /* FirebaseRemoteConfig */,
				6E9C0AEA2A6B28BD0048F363 /* FirebaseRemoteConfigSwift */,
				6E9C0AEC2A6B28BD0048F363 /* FirebaseStorage */,
				6E9C0AEE2A6B28BD0048F363 /* FirebaseStorageCombine-Community */,
			);
			productName = MyTrainer;
			productReference = 6E495BC32A674A5A0029638C /* MyTrainer.app */;
			productType = "com.apple.product-type.application";
		};
		6E495BD22A674A5F0029638C /* MyTrainerTests */ = {
			isa = PBXNativeTarget;
			buildConfigurationList = 6E495BEA2A674A5F0029638C /* Build configuration list for PBXNativeTarget "MyTrainerTests" */;
			buildPhases = (
				75031CFD5CC6611A5DC495C8 /* [CP] Check Pods Manifest.lock */,
				6E495BCF2A674A5F0029638C /* Sources */,
				6E495BD02A674A5F0029638C /* Frameworks */,
				6E495BD12A674A5F0029638C /* Resources */,
			);
			buildRules = (
			);
			dependencies = (
				6E495BD52A674A5F0029638C /* PBXTargetDependency */,
			);
			name = MyTrainerTests;
			productName = MyTrainerTests;
			productReference = 6E495BD32A674A5F0029638C /* MyTrainerTests.xctest */;
			productType = "com.apple.product-type.bundle.unit-test";
		};
		6E495BDC2A674A5F0029638C /* MyTrainerUITests */ = {
			isa = PBXNativeTarget;
			buildConfigurationList = 6E495BED2A674A5F0029638C /* Build configuration list for PBXNativeTarget "MyTrainerUITests" */;
			buildPhases = (
				53B3D07D2F9D6AEC6BEB86D1 /* [CP] Check Pods Manifest.lock */,
				6E495BD92A674A5F0029638C /* Sources */,
				6E495BDA2A674A5F0029638C /* Frameworks */,
				6E495BDB2A674A5F0029638C /* Resources */,
			);
			buildRules = (
			);
			dependencies = (
				6E495BDF2A674A5F0029638C /* PBXTargetDependency */,
			);
			name = MyTrainerUITests;
			productName = MyTrainerUITests;
			productReference = 6E495BDD2A674A5F0029638C /* MyTrainerUITests.xctest */;
			productType = "com.apple.product-type.bundle.ui-testing";
		};
/* End PBXNativeTarget section */

/* Begin PBXProject section */
		6E495BBB2A674A5A0029638C /* Project object */ = {
			isa = PBXProject;
			attributes = {
				BuildIndependentTargetsInParallel = 1;
				LastSwiftUpdateCheck = 1430;
				LastUpgradeCheck = 1430;
				TargetAttributes = {
					6E495BC22A674A5A0029638C = {
						CreatedOnToolsVersion = 14.3.1;
					};
					6E495BD22A674A5F0029638C = {
						CreatedOnToolsVersion = 14.3.1;
						TestTargetID = 6E495BC22A674A5A0029638C;
					};
					6E495BDC2A674A5F0029638C = {
						CreatedOnToolsVersion = 14.3.1;
						TestTargetID = 6E495BC22A674A5A0029638C;
					};
				};
			};
			buildConfigurationList = 6E495BBE2A674A5A0029638C /* Build configuration list for PBXProject "MyTrainer" */;
			compatibilityVersion = "Xcode 14.0";
			developmentRegion = en;
			hasScannedForEncodings = 0;
			knownRegions = (
				en,
				Base,
			);
			mainGroup = 6E495BBA2A674A5A0029638C;
			packageReferences = (
				6E9C0AB42A6B12BF0048F363 /* XCRemoteSwiftPackageReference "firebase-ios-sdk" */,
				6E9C0AB52A6B12F90048F363 /* XCRemoteSwiftPackageReference "GoogleSignIn-iOS" */,
			);
			productRefGroup = 6E495BC42A674A5A0029638C /* Products */;
			projectDirPath = "";
			projectRoot = "";
			targets = (
				6E495BC22A674A5A0029638C /* MyTrainer */,
				6E495BD22A674A5F0029638C /* MyTrainerTests */,
				6E495BDC2A674A5F0029638C /* MyTrainerUITests */,
			);
		};
/* End PBXProject section */

/* Begin PBXResourcesBuildPhase section */
		6E495BC12A674A5A0029638C /* Resources */ = {
			isa = PBXResourcesBuildPhase;
			buildActionMask = 2147483647;
			files = (
				6E495BCE2A674A5E0029638C /* Preview Assets.xcassets in Resources */,
				6E495BCB2A674A5E0029638C /* Assets.xcassets in Resources */,
			);
			runOnlyForDeploymentPostprocessing = 0;
		};
		6E495BD12A674A5F0029638C /* Resources */ = {
			isa = PBXResourcesBuildPhase;
			buildActionMask = 2147483647;
			files = (
			);
			runOnlyForDeploymentPostprocessing = 0;
		};
		6E495BDB2A674A5F0029638C /* Resources */ = {
			isa = PBXResourcesBuildPhase;
			buildActionMask = 2147483647;
			files = (
			);
			runOnlyForDeploymentPostprocessing = 0;
		};
/* End PBXResourcesBuildPhase section */

/* Begin PBXShellScriptBuildPhase section */
		4A7CEC6EAD6B057814346704 /* [CP] Check Pods Manifest.lock */ = {
			isa = PBXShellScriptBuildPhase;
			buildActionMask = 2147483647;
			files = (
			);
			inputFileListPaths = (
			);
			inputPaths = (
				"${PODS_PODFILE_DIR_PATH}/Podfile.lock",
				"${PODS_ROOT}/Manifest.lock",
			);
			name = "[CP] Check Pods Manifest.lock";
			outputFileListPaths = (
			);
			outputPaths = (
				"$(DERIVED_FILE_DIR)/Pods-MyTrainer-checkManifestLockResult.txt",
			);
			runOnlyForDeploymentPostprocessing = 0;
			shellPath = /bin/sh;
			shellScript = "diff \"${PODS_PODFILE_DIR_PATH}/Podfile.lock\" \"${PODS_ROOT}/Manifest.lock\" > /dev/null\nif [ $? != 0 ] ; then\n    # print error to STDERR\n    echo \"error: The sandbox is not in sync with the Podfile.lock. Run 'pod install' or update your CocoaPods installation.\" >&2\n    exit 1\nfi\n# This output is used by Xcode 'outputs' to avoid re-running this script phase.\necho \"SUCCESS\" > \"${SCRIPT_OUTPUT_FILE_0}\"\n";
			showEnvVarsInLog = 0;
		};
		53B3D07D2F9D6AEC6BEB86D1 /* [CP] Check Pods Manifest.lock */ = {
			isa = PBXShellScriptBuildPhase;
			buildActionMask = 2147483647;
			files = (
			);
			inputFileListPaths = (
			);
			inputPaths = (
				"${PODS_PODFILE_DIR_PATH}/Podfile.lock",
				"${PODS_ROOT}/Manifest.lock",
			);
			name = "[CP] Check Pods Manifest.lock";
			outputFileListPaths = (
			);
			outputPaths = (
				"$(DERIVED_FILE_DIR)/Pods-MyTrainer-MyTrainerUITests-checkManifestLockResult.txt",
			);
			runOnlyForDeploymentPostprocessing = 0;
			shellPath = /bin/sh;
			shellScript = "diff \"${PODS_PODFILE_DIR_PATH}/Podfile.lock\" \"${PODS_ROOT}/Manifest.lock\" > /dev/null\nif [ $? != 0 ] ; then\n    # print error to STDERR\n    echo \"error: The sandbox is not in sync with the Podfile.lock. Run 'pod install' or update your CocoaPods installation.\" >&2\n    exit 1\nfi\n# This output is used by Xcode 'outputs' to avoid re-running this script phase.\necho \"SUCCESS\" > \"${SCRIPT_OUTPUT_FILE_0}\"\n";
			showEnvVarsInLog = 0;
		};
		75031CFD5CC6611A5DC495C8 /* [CP] Check Pods Manifest.lock */ = {
			isa = PBXShellScriptBuildPhase;
			buildActionMask = 2147483647;
			files = (
			);
			inputFileListPaths = (
			);
			inputPaths = (
				"${PODS_PODFILE_DIR_PATH}/Podfile.lock",
				"${PODS_ROOT}/Manifest.lock",
			);
			name = "[CP] Check Pods Manifest.lock";
			outputFileListPaths = (
			);
			outputPaths = (
				"$(DERIVED_FILE_DIR)/Pods-MyTrainerTests-checkManifestLockResult.txt",
			);
			runOnlyForDeploymentPostprocessing = 0;
			shellPath = /bin/sh;
			shellScript = "diff \"${PODS_PODFILE_DIR_PATH}/Podfile.lock\" \"${PODS_ROOT}/Manifest.lock\" > /dev/null\nif [ $? != 0 ] ; then\n    # print error to STDERR\n    echo \"error: The sandbox is not in sync with the Podfile.lock. Run 'pod install' or update your CocoaPods installation.\" >&2\n    exit 1\nfi\n# This output is used by Xcode 'outputs' to avoid re-running this script phase.\necho \"SUCCESS\" > \"${SCRIPT_OUTPUT_FILE_0}\"\n";
			showEnvVarsInLog = 0;
		};
/* End PBXShellScriptBuildPhase section */

/* Begin PBXSourcesBuildPhase section */
		6E495BBF2A674A5A0029638C /* Sources */ = {
			isa = PBXSourcesBuildPhase;
			buildActionMask = 2147483647;
			files = (
				6E495BC92A674A5A0029638C /* ContentView.swift in Sources */,
				6E495BF12A6B04E70029638C /* SettingsScreen.swift in Sources */,
				6E495BC72A674A5A0029638C /* MyTrainerApp.swift in Sources */,
			);
			runOnlyForDeploymentPostprocessing = 0;
		};
		6E495BCF2A674A5F0029638C /* Sources */ = {
			isa = PBXSourcesBuildPhase;
			buildActionMask = 2147483647;
			files = (
				6E495BD82A674A5F0029638C /* MyTrainerTests.swift in Sources */,
			);
			runOnlyForDeploymentPostprocessing = 0;
		};
		6E495BD92A674A5F0029638C /* Sources */ = {
			isa = PBXSourcesBuildPhase;
			buildActionMask = 2147483647;
			files = (
				6E495BE42A674A5F0029638C /* MyTrainerUITestsLaunchTests.swift in Sources */,
				6E495BE22A674A5F0029638C /* MyTrainerUITests.swift in Sources */,
			);
			runOnlyForDeploymentPostprocessing = 0;
		};
/* End PBXSourcesBuildPhase section */

/* Begin PBXTargetDependency section */
		6E495BD52A674A5F0029638C /* PBXTargetDependency */ = {
			isa = PBXTargetDependency;
			target = 6E495BC22A674A5A0029638C /* MyTrainer */;
			targetProxy = 6E495BD42A674A5F0029638C /* PBXContainerItemProxy */;
		};
		6E495BDF2A674A5F0029638C /* PBXTargetDependency */ = {
			isa = PBXTargetDependency;
			target = 6E495BC22A674A5A0029638C /* MyTrainer */;
			targetProxy = 6E495BDE2A674A5F0029638C /* PBXContainerItemProxy */;
		};
/* End PBXTargetDependency section */

/* Begin XCBuildConfiguration section */
		6E495BE52A674A5F0029638C /* Debug */ = {
			isa = XCBuildConfiguration;
			buildSettings = {
				ALWAYS_SEARCH_USER_PATHS = NO;
				CLANG_ANALYZER_NONNULL = YES;
				CLANG_ANALYZER_NUMBER_OBJECT_CONVERSION = YES_AGGRESSIVE;
				CLANG_CXX_LANGUAGE_STANDARD = "gnu++20";
				CLANG_ENABLE_MODULES = YES;
				CLANG_ENABLE_OBJC_ARC = YES;
				CLANG_ENABLE_OBJC_WEAK = YES;
				CLANG_WARN_BLOCK_CAPTURE_AUTORELEASING = YES;
				CLANG_WARN_BOOL_CONVERSION = YES;
				CLANG_WARN_COMMA = YES;
				CLANG_WARN_CONSTANT_CONVERSION = YES;
				CLANG_WARN_DEPRECATED_OBJC_IMPLEMENTATIONS = YES;
				CLANG_WARN_DIRECT_OBJC_ISA_USAGE = YES_ERROR;
				CLANG_WARN_DOCUMENTATION_COMMENTS = YES;
				CLANG_WARN_EMPTY_BODY = YES;
				CLANG_WARN_ENUM_CONVERSION = YES;
				CLANG_WARN_INFINITE_RECURSION = YES;
				CLANG_WARN_INT_CONVERSION = YES;
				CLANG_WARN_NON_LITERAL_NULL_CONVERSION = YES;
				CLANG_WARN_OBJC_IMPLICIT_RETAIN_SELF = YES;
				CLANG_WARN_OBJC_LITERAL_CONVERSION = YES;
				CLANG_WARN_OBJC_ROOT_CLASS = YES_ERROR;
				CLANG_WARN_QUOTED_INCLUDE_IN_FRAMEWORK_HEADER = YES;
				CLANG_WARN_RANGE_LOOP_ANALYSIS = YES;
				CLANG_WARN_STRICT_PROTOTYPES = YES;
				CLANG_WARN_SUSPICIOUS_MOVE = YES;
				CLANG_WARN_UNGUARDED_AVAILABILITY = YES_AGGRESSIVE;
				CLANG_WARN_UNREACHABLE_CODE = YES;
				CLANG_WARN__DUPLICATE_METHOD_MATCH = YES;
				COPY_PHASE_STRIP = NO;
				DEBUG_INFORMATION_FORMAT = dwarf;
				ENABLE_STRICT_OBJC_MSGSEND = YES;
				ENABLE_TESTABILITY = YES;
				GCC_C_LANGUAGE_STANDARD = gnu11;
				GCC_DYNAMIC_NO_PIC = NO;
				GCC_NO_COMMON_BLOCKS = YES;
				GCC_OPTIMIZATION_LEVEL = 0;
				GCC_PREPROCESSOR_DEFINITIONS = (
					"DEBUG=1",
					"$(inherited)",
				);
				GCC_WARN_64_TO_32_BIT_CONVERSION = YES;
				GCC_WARN_ABOUT_RETURN_TYPE = YES_ERROR;
				GCC_WARN_UNDECLARED_SELECTOR = YES;
				GCC_WARN_UNINITIALIZED_AUTOS = YES_AGGRESSIVE;
				GCC_WARN_UNUSED_FUNCTION = YES;
				GCC_WARN_UNUSED_VARIABLE = YES;
				IPHONEOS_DEPLOYMENT_TARGET = 16.4;
				MTL_ENABLE_DEBUG_INFO = INCLUDE_SOURCE;
				MTL_FAST_MATH = YES;
				ONLY_ACTIVE_ARCH = YES;
				SDKROOT = iphoneos;
				SWIFT_ACTIVE_COMPILATION_CONDITIONS = DEBUG;
				SWIFT_OPTIMIZATION_LEVEL = "-Onone";
			};
			name = Debug;
		};
		6E495BE62A674A5F0029638C /* Release */ = {
			isa = XCBuildConfiguration;
			buildSettings = {
				ALWAYS_SEARCH_USER_PATHS = NO;
				CLANG_ANALYZER_NONNULL = YES;
				CLANG_ANALYZER_NUMBER_OBJECT_CONVERSION = YES_AGGRESSIVE;
				CLANG_CXX_LANGUAGE_STANDARD = "gnu++20";
				CLANG_ENABLE_MODULES = YES;
				CLANG_ENABLE_OBJC_ARC = YES;
				CLANG_ENABLE_OBJC_WEAK = YES;
				CLANG_WARN_BLOCK_CAPTURE_AUTORELEASING = YES;
				CLANG_WARN_BOOL_CONVERSION = YES;
				CLANG_WARN_COMMA = YES;
				CLANG_WARN_CONSTANT_CONVERSION = YES;
				CLANG_WARN_DEPRECATED_OBJC_IMPLEMENTATIONS = YES;
				CLANG_WARN_DIRECT_OBJC_ISA_USAGE = YES_ERROR;
				CLANG_WARN_DOCUMENTATION_COMMENTS = YES;
				CLANG_WARN_EMPTY_BODY = YES;
				CLANG_WARN_ENUM_CONVERSION = YES;
				CLANG_WARN_INFINITE_RECURSION = YES;
				CLANG_WARN_INT_CONVERSION = YES;
				CLANG_WARN_NON_LITERAL_NULL_CONVERSION = YES;
				CLANG_WARN_OBJC_IMPLICIT_RETAIN_SELF = YES;
				CLANG_WARN_OBJC_LITERAL_CONVERSION = YES;
				CLANG_WARN_OBJC_ROOT_CLASS = YES_ERROR;
				CLANG_WARN_QUOTED_INCLUDE_IN_FRAMEWORK_HEADER = YES;
				CLANG_WARN_RANGE_LOOP_ANALYSIS = YES;
				CLANG_WARN_STRICT_PROTOTYPES = YES;
				CLANG_WARN_SUSPICIOUS_MOVE = YES;
				CLANG_WARN_UNGUARDED_AVAILABILITY = YES_AGGRESSIVE;
				CLANG_WARN_UNREACHABLE_CODE = YES;
				CLANG_WARN__DUPLICATE_METHOD_MATCH = YES;
				COPY_PHASE_STRIP = NO;
				DEBUG_INFORMATION_FORMAT = "dwarf-with-dsym";
				ENABLE_NS_ASSERTIONS = NO;
				ENABLE_STRICT_OBJC_MSGSEND = YES;
				GCC_C_LANGUAGE_STANDARD = gnu11;
				GCC_NO_COMMON_BLOCKS = YES;
				GCC_WARN_64_TO_32_BIT_CONVERSION = YES;
				GCC_WARN_ABOUT_RETURN_TYPE = YES_ERROR;
				GCC_WARN_UNDECLARED_SELECTOR = YES;
				GCC_WARN_UNINITIALIZED_AUTOS = YES_AGGRESSIVE;
				GCC_WARN_UNUSED_FUNCTION = YES;
				GCC_WARN_UNUSED_VARIABLE = YES;
				IPHONEOS_DEPLOYMENT_TARGET = 16.4;
				MTL_ENABLE_DEBUG_INFO = NO;
				MTL_FAST_MATH = YES;
				SDKROOT = iphoneos;
				SWIFT_COMPILATION_MODE = wholemodule;
				SWIFT_OPTIMIZATION_LEVEL = "-O";
				VALIDATE_PRODUCT = YES;
			};
			name = Release;
		};
		6E495BE82A674A5F0029638C /* Debug */ = {
			isa = XCBuildConfiguration;
			baseConfigurationReference = BE6FBB4733DAA507165719E2 /* Pods-MyTrainer.debug.xcconfig */;
			buildSettings = {
				ASSETCATALOG_COMPILER_APPICON_NAME = AppIcon;
				ASSETCATALOG_COMPILER_GLOBAL_ACCENT_COLOR_NAME = AccentColor;
				CODE_SIGN_STYLE = Automatic;
				CURRENT_PROJECT_VERSION = 1;
				DEVELOPMENT_ASSET_PATHS = "\"MyTrainer/Preview Content\"";
				DEVELOPMENT_TEAM = 64J2FG764T;
				ENABLE_PREVIEWS = YES;
				GENERATE_INFOPLIST_FILE = YES;
				INFOPLIST_KEY_UIApplicationSceneManifest_Generation = YES;
				INFOPLIST_KEY_UIApplicationSupportsIndirectInputEvents = YES;
				INFOPLIST_KEY_UILaunchScreen_Generation = YES;
				INFOPLIST_KEY_UISupportedInterfaceOrientations_iPad = "UIInterfaceOrientationPortrait UIInterfaceOrientationPortraitUpsideDown UIInterfaceOrientationLandscapeLeft UIInterfaceOrientationLandscapeRight";
				INFOPLIST_KEY_UISupportedInterfaceOrientations_iPhone = "UIInterfaceOrientationPortrait UIInterfaceOrientationLandscapeLeft UIInterfaceOrientationLandscapeRight";
				LD_RUNPATH_SEARCH_PATHS = (
					"$(inherited)",
					"@executable_path/Frameworks",
				);
				MARKETING_VERSION = 1.0;
				PRODUCT_BUNDLE_IDENTIFIER = projects.MyTrainer;
				PRODUCT_NAME = "$(TARGET_NAME)";
				SWIFT_EMIT_LOC_STRINGS = YES;
				SWIFT_VERSION = 5.0;
				TARGETED_DEVICE_FAMILY = "1,2";
			};
			name = Debug;
		};
		6E495BE92A674A5F0029638C /* Release */ = {
			isa = XCBuildConfiguration;
			baseConfigurationReference = 26985C7C15657C8E54960C2D /* Pods-MyTrainer.release.xcconfig */;
			buildSettings = {
				ASSETCATALOG_COMPILER_APPICON_NAME = AppIcon;
				ASSETCATALOG_COMPILER_GLOBAL_ACCENT_COLOR_NAME = AccentColor;
				CODE_SIGN_STYLE = Automatic;
				CURRENT_PROJECT_VERSION = 1;
				DEVELOPMENT_ASSET_PATHS = "\"MyTrainer/Preview Content\"";
				DEVELOPMENT_TEAM = 64J2FG764T;
				ENABLE_PREVIEWS = YES;
				GENERATE_INFOPLIST_FILE = YES;
				INFOPLIST_KEY_UIApplicationSceneManifest_Generation = YES;
				INFOPLIST_KEY_UIApplicationSupportsIndirectInputEvents = YES;
				INFOPLIST_KEY_UILaunchScreen_Generation = YES;
				INFOPLIST_KEY_UISupportedInterfaceOrientations_iPad = "UIInterfaceOrientationPortrait UIInterfaceOrientationPortraitUpsideDown UIInterfaceOrientationLandscapeLeft UIInterfaceOrientationLandscapeRight";
				INFOPLIST_KEY_UISupportedInterfaceOrientations_iPhone = "UIInterfaceOrientationPortrait UIInterfaceOrientationLandscapeLeft UIInterfaceOrientationLandscapeRight";
				LD_RUNPATH_SEARCH_PATHS = (
					"$(inherited)",
					"@executable_path/Frameworks",
				);
				MARKETING_VERSION = 1.0;
				PRODUCT_BUNDLE_IDENTIFIER = projects.MyTrainer;
				PRODUCT_NAME = "$(TARGET_NAME)";
				SWIFT_EMIT_LOC_STRINGS = YES;
				SWIFT_VERSION = 5.0;
				TARGETED_DEVICE_FAMILY = "1,2";
			};
			name = Release;
		};
		6E495BEB2A674A5F0029638C /* Debug */ = {
			isa = XCBuildConfiguration;
			baseConfigurationReference = 92A7F295E61A2605B630DA04 /* Pods-MyTrainerTests.debug.xcconfig */;
			buildSettings = {
				ALWAYS_EMBED_SWIFT_STANDARD_LIBRARIES = YES;
				BUNDLE_LOADER = "$(TEST_HOST)";
				CODE_SIGN_STYLE = Automatic;
				CURRENT_PROJECT_VERSION = 1;
				DEVELOPMENT_TEAM = 64J2FG764T;
				GENERATE_INFOPLIST_FILE = YES;
				IPHONEOS_DEPLOYMENT_TARGET = 16.4;
				MARKETING_VERSION = 1.0;
				PRODUCT_BUNDLE_IDENTIFIER = projects.MyTrainerTests;
				PRODUCT_NAME = "$(TARGET_NAME)";
				SWIFT_EMIT_LOC_STRINGS = NO;
				SWIFT_VERSION = 5.0;
				TARGETED_DEVICE_FAMILY = "1,2";
				TEST_HOST = "$(BUILT_PRODUCTS_DIR)/MyTrainer.app/$(BUNDLE_EXECUTABLE_FOLDER_PATH)/MyTrainer";
			};
			name = Debug;
		};
		6E495BEC2A674A5F0029638C /* Release */ = {
			isa = XCBuildConfiguration;
			baseConfigurationReference = 95E9D244D136938E77920910 /* Pods-MyTrainerTests.release.xcconfig */;
			buildSettings = {
				ALWAYS_EMBED_SWIFT_STANDARD_LIBRARIES = YES;
				BUNDLE_LOADER = "$(TEST_HOST)";
				CODE_SIGN_STYLE = Automatic;
				CURRENT_PROJECT_VERSION = 1;
				DEVELOPMENT_TEAM = 64J2FG764T;
				GENERATE_INFOPLIST_FILE = YES;
				IPHONEOS_DEPLOYMENT_TARGET = 16.4;
				MARKETING_VERSION = 1.0;
				PRODUCT_BUNDLE_IDENTIFIER = projects.MyTrainerTests;
				PRODUCT_NAME = "$(TARGET_NAME)";
				SWIFT_EMIT_LOC_STRINGS = NO;
				SWIFT_VERSION = 5.0;
				TARGETED_DEVICE_FAMILY = "1,2";
				TEST_HOST = "$(BUILT_PRODUCTS_DIR)/MyTrainer.app/$(BUNDLE_EXECUTABLE_FOLDER_PATH)/MyTrainer";
			};
			name = Release;
		};
		6E495BEE2A674A5F0029638C /* Debug */ = {
			isa = XCBuildConfiguration;
			baseConfigurationReference = 7775C6AAC8855416B91736BC /* Pods-MyTrainer-MyTrainerUITests.debug.xcconfig */;
			buildSettings = {
				ALWAYS_EMBED_SWIFT_STANDARD_LIBRARIES = YES;
				CODE_SIGN_STYLE = Automatic;
				CURRENT_PROJECT_VERSION = 1;
				DEVELOPMENT_TEAM = 64J2FG764T;
				GENERATE_INFOPLIST_FILE = YES;
				MARKETING_VERSION = 1.0;
				PRODUCT_BUNDLE_IDENTIFIER = projects.MyTrainerUITests;
				PRODUCT_NAME = "$(TARGET_NAME)";
				SWIFT_EMIT_LOC_STRINGS = NO;
				SWIFT_VERSION = 5.0;
				TARGETED_DEVICE_FAMILY = "1,2";
				TEST_TARGET_NAME = MyTrainer;
			};
			name = Debug;
		};
		6E495BEF2A674A5F0029638C /* Release */ = {
			isa = XCBuildConfiguration;
			baseConfigurationReference = B08BA87A98341FFFDE0CD7A0 /* Pods-MyTrainer-MyTrainerUITests.release.xcconfig */;
			buildSettings = {
				ALWAYS_EMBED_SWIFT_STANDARD_LIBRARIES = YES;
				CODE_SIGN_STYLE = Automatic;
				CURRENT_PROJECT_VERSION = 1;
				DEVELOPMENT_TEAM = 64J2FG764T;
				GENERATE_INFOPLIST_FILE = YES;
				MARKETING_VERSION = 1.0;
				PRODUCT_BUNDLE_IDENTIFIER = projects.MyTrainerUITests;
				PRODUCT_NAME = "$(TARGET_NAME)";
				SWIFT_EMIT_LOC_STRINGS = NO;
				SWIFT_VERSION = 5.0;
				TARGETED_DEVICE_FAMILY = "1,2";
				TEST_TARGET_NAME = MyTrainer;
			};
			name = Release;
		};
/* End XCBuildConfiguration section */

/* Begin XCConfigurationList section */
		6E495BBE2A674A5A0029638C /* Build configuration list for PBXProject "MyTrainer" */ = {
			isa = XCConfigurationList;
			buildConfigurations = (
				6E495BE52A674A5F0029638C /* Debug */,
				6E495BE62A674A5F0029638C /* Release */,
			);
			defaultConfigurationIsVisible = 0;
			defaultConfigurationName = Release;
		};
		6E495BE72A674A5F0029638C /* Build configuration list for PBXNativeTarget "MyTrainer" */ = {
			isa = XCConfigurationList;
			buildConfigurations = (
				6E495BE82A674A5F0029638C /* Debug */,
				6E495BE92A674A5F0029638C /* Release */,
			);
			defaultConfigurationIsVisible = 0;
			defaultConfigurationName = Release;
		};
		6E495BEA2A674A5F0029638C /* Build configuration list for PBXNativeTarget "MyTrainerTests" */ = {
			isa = XCConfigurationList;
			buildConfigurations = (
				6E495BEB2A674A5F0029638C /* Debug */,
				6E495BEC2A674A5F0029638C /* Release */,
			);
			defaultConfigurationIsVisible = 0;
			defaultConfigurationName = Release;
		};
		6E495BED2A674A5F0029638C /* Build configuration list for PBXNativeTarget "MyTrainerUITests" */ = {
			isa = XCConfigurationList;
			buildConfigurations = (
				6E495BEE2A674A5F0029638C /* Debug */,
				6E495BEF2A674A5F0029638C /* Release */,
			);
			defaultConfigurationIsVisible = 0;
			defaultConfigurationName = Release;
		};
/* End XCConfigurationList section */

/* Begin XCRemoteSwiftPackageReference section */
		6E9C0AB42A6B12BF0048F363 /* XCRemoteSwiftPackageReference "firebase-ios-sdk" */ = {
			isa = XCRemoteSwiftPackageReference;
			repositoryURL = "https://github.com/firebase/firebase-ios-sdk";
			requirement = {
				kind = upToNextMajorVersion;
				minimumVersion = 10.0.0;
			};
		};
		6E9C0AB52A6B12F90048F363 /* XCRemoteSwiftPackageReference "GoogleSignIn-iOS" */ = {
			isa = XCRemoteSwiftPackageReference;
			repositoryURL = "https://github.com/google/GoogleSignIn-iOS";
			requirement = {
				kind = upToNextMajorVersion;
				minimumVersion = 7.0.0;
			};
		};
/* End XCRemoteSwiftPackageReference section */

/* Begin XCSwiftPackageProductDependency section */
		6E9C0AB62A6B12F90048F363 /* GoogleSignIn */ = {
			isa = XCSwiftPackageProductDependency;
			package = 6E9C0AB52A6B12F90048F363 /* XCRemoteSwiftPackageReference "GoogleSignIn-iOS" */;
			productName = GoogleSignIn;
		};
		6E9C0AB82A6B12F90048F363 /* GoogleSignInSwift */ = {
			isa = XCSwiftPackageProductDependency;
			package = 6E9C0AB52A6B12F90048F363 /* XCRemoteSwiftPackageReference "GoogleSignIn-iOS" */;
			productName = GoogleSignInSwift;
		};
		6E9C0ABA2A6B28300048F363 /* FirebaseAnalytics */ = {
			isa = XCSwiftPackageProductDependency;
			package = 6E9C0AB42A6B12BF0048F363 /* XCRemoteSwiftPackageReference "firebase-ios-sdk" */;
			productName = FirebaseAnalytics;
		};
		6E9C0ABC2A6B28400048F363 /* FirebaseAuth */ = {
			isa = XCSwiftPackageProductDependency;
			package = 6E9C0AB42A6B12BF0048F363 /* XCRemoteSwiftPackageReference "firebase-ios-sdk" */;
			productName = FirebaseAuth;
		};
		6E9C0ABE2A6B28BD0048F363 /* FirebaseAnalyticsOnDeviceConversion */ = {
			isa = XCSwiftPackageProductDependency;
			package = 6E9C0AB42A6B12BF0048F363 /* XCRemoteSwiftPackageReference "firebase-ios-sdk" */;
			productName = FirebaseAnalyticsOnDeviceConversion;
		};
		6E9C0AC02A6B28BD0048F363 /* FirebaseAnalyticsSwift */ = {
			isa = XCSwiftPackageProductDependency;
			package = 6E9C0AB42A6B12BF0048F363 /* XCRemoteSwiftPackageReference "firebase-ios-sdk" */;
			productName = FirebaseAnalyticsSwift;
		};
		6E9C0AC22A6B28BD0048F363 /* FirebaseAnalyticsWithoutAdIdSupport */ = {
			isa = XCSwiftPackageProductDependency;
			package = 6E9C0AB42A6B12BF0048F363 /* XCRemoteSwiftPackageReference "firebase-ios-sdk" */;
			productName = FirebaseAnalyticsWithoutAdIdSupport;
		};
		6E9C0AC42A6B28BD0048F363 /* FirebaseAppCheck */ = {
			isa = XCSwiftPackageProductDependency;
			package = 6E9C0AB42A6B12BF0048F363 /* XCRemoteSwiftPackageReference "firebase-ios-sdk" */;
			productName = FirebaseAppCheck;
		};
		6E9C0AC62A6B28BD0048F363 /* FirebaseAppDistribution-Beta */ = {
			isa = XCSwiftPackageProductDependency;
			package = 6E9C0AB42A6B12BF0048F363 /* XCRemoteSwiftPackageReference "firebase-ios-sdk" */;
			productName = "FirebaseAppDistribution-Beta";
		};
		6E9C0AC82A6B28BD0048F363 /* FirebaseAuthCombine-Community */ = {
			isa = XCSwiftPackageProductDependency;
			package = 6E9C0AB42A6B12BF0048F363 /* XCRemoteSwiftPackageReference "firebase-ios-sdk" */;
			productName = "FirebaseAuthCombine-Community";
		};
		6E9C0ACA2A6B28BD0048F363 /* FirebaseCrashlytics */ = {
			isa = XCSwiftPackageProductDependency;
			package = 6E9C0AB42A6B12BF0048F363 /* XCRemoteSwiftPackageReference "firebase-ios-sdk" */;
			productName = FirebaseCrashlytics;
		};
		6E9C0ACC2A6B28BD0048F363 /* FirebaseDatabase */ = {
			isa = XCSwiftPackageProductDependency;
			package = 6E9C0AB42A6B12BF0048F363 /* XCRemoteSwiftPackageReference "firebase-ios-sdk" */;
			productName = FirebaseDatabase;
		};
		6E9C0ACE2A6B28BD0048F363 /* FirebaseDatabaseSwift */ = {
			isa = XCSwiftPackageProductDependency;
			package = 6E9C0AB42A6B12BF0048F363 /* XCRemoteSwiftPackageReference "firebase-ios-sdk" */;
			productName = FirebaseDatabaseSwift;
		};
		6E9C0AD02A6B28BD0048F363 /* FirebaseDynamicLinks */ = {
			isa = XCSwiftPackageProductDependency;
			package = 6E9C0AB42A6B12BF0048F363 /* XCRemoteSwiftPackageReference "firebase-ios-sdk" */;
			productName = FirebaseDynamicLinks;
		};
		6E9C0AD22A6B28BD0048F363 /* FirebaseFirestore */ = {
			isa = XCSwiftPackageProductDependency;
			package = 6E9C0AB42A6B12BF0048F363 /* XCRemoteSwiftPackageReference "firebase-ios-sdk" */;
			productName = FirebaseFirestore;
		};
		6E9C0AD42A6B28BD0048F363 /* FirebaseFirestoreCombine-Community */ = {
			isa = XCSwiftPackageProductDependency;
			package = 6E9C0AB42A6B12BF0048F363 /* XCRemoteSwiftPackageReference "firebase-ios-sdk" */;
			productName = "FirebaseFirestoreCombine-Community";
		};
		6E9C0AD62A6B28BD0048F363 /* FirebaseFirestoreSwift */ = {
			isa = XCSwiftPackageProductDependency;
			package = 6E9C0AB42A6B12BF0048F363 /* XCRemoteSwiftPackageReference "firebase-ios-sdk" */;
			productName = FirebaseFirestoreSwift;
		};
		6E9C0AD82A6B28BD0048F363 /* FirebaseFunctions */ = {
			isa = XCSwiftPackageProductDependency;
			package = 6E9C0AB42A6B12BF0048F363 /* XCRemoteSwiftPackageReference "firebase-ios-sdk" */;
			productName = FirebaseFunctions;
		};
		6E9C0ADA2A6B28BD0048F363 /* FirebaseFunctionsCombine-Community */ = {
			isa = XCSwiftPackageProductDependency;
			package = 6E9C0AB42A6B12BF0048F363 /* XCRemoteSwiftPackageReference "firebase-ios-sdk" */;
			productName = "FirebaseFunctionsCombine-Community";
		};
		6E9C0ADC2A6B28BD0048F363 /* FirebaseInAppMessaging-Beta */ = {
			isa = XCSwiftPackageProductDependency;
			package = 6E9C0AB42A6B12BF0048F363 /* XCRemoteSwiftPackageReference "firebase-ios-sdk" */;
			productName = "FirebaseInAppMessaging-Beta";
		};
		6E9C0ADE2A6B28BD0048F363 /* FirebaseInAppMessagingSwift-Beta */ = {
			isa = XCSwiftPackageProductDependency;
			package = 6E9C0AB42A6B12BF0048F363 /* XCRemoteSwiftPackageReference "firebase-ios-sdk" */;
			productName = "FirebaseInAppMessagingSwift-Beta";
		};
		6E9C0AE02A6B28BD0048F363 /* FirebaseInstallations */ = {
			isa = XCSwiftPackageProductDependency;
			package = 6E9C0AB42A6B12BF0048F363 /* XCRemoteSwiftPackageReference "firebase-ios-sdk" */;
			productName = FirebaseInstallations;
		};
		6E9C0AE22A6B28BD0048F363 /* FirebaseMessaging */ = {
			isa = XCSwiftPackageProductDependency;
			package = 6E9C0AB42A6B12BF0048F363 /* XCRemoteSwiftPackageReference "firebase-ios-sdk" */;
			productName = FirebaseMessaging;
		};
		6E9C0AE42A6B28BD0048F363 /* FirebaseMLModelDownloader */ = {
			isa = XCSwiftPackageProductDependency;
			package = 6E9C0AB42A6B12BF0048F363 /* XCRemoteSwiftPackageReference "firebase-ios-sdk" */;
			productName = FirebaseMLModelDownloader;
		};
		6E9C0AE62A6B28BD0048F363 /* FirebasePerformance */ = {
			isa = XCSwiftPackageProductDependency;
			package = 6E9C0AB42A6B12BF0048F363 /* XCRemoteSwiftPackageReference "firebase-ios-sdk" */;
			productName = FirebasePerformance;
		};
		6E9C0AE82A6B28BD0048F363 /* FirebaseRemoteConfig */ = {
			isa = XCSwiftPackageProductDependency;
			package = 6E9C0AB42A6B12BF0048F363 /* XCRemoteSwiftPackageReference "firebase-ios-sdk" */;
			productName = FirebaseRemoteConfig;
		};
		6E9C0AEA2A6B28BD0048F363 /* FirebaseRemoteConfigSwift */ = {
			isa = XCSwiftPackageProductDependency;
			package = 6E9C0AB42A6B12BF0048F363 /* XCRemoteSwiftPackageReference "firebase-ios-sdk" */;
			productName = FirebaseRemoteConfigSwift;
		};
		6E9C0AEC2A6B28BD0048F363 /* FirebaseStorage */ = {
			isa = XCSwiftPackageProductDependency;
			package = 6E9C0AB42A6B12BF0048F363 /* XCRemoteSwiftPackageReference "firebase-ios-sdk" */;
			productName = FirebaseStorage;
		};
		6E9C0AEE2A6B28BD0048F363 /* FirebaseStorageCombine-Community */ = {
			isa = XCSwiftPackageProductDependency;
			package = 6E9C0AB42A6B12BF0048F363 /* XCRemoteSwiftPackageReference "firebase-ios-sdk" */;
			productName = "FirebaseStorageCombine-Community";
		};
/* End XCSwiftPackageProductDependency section */
	};
	rootObject = 6E495BBB2A674A5A0029638C /* Project object */;
}
